
Microsoft Visual Studio Solution File, Format Version 12.00
# Visual Studio 15
VisualStudioVersion = 15.0.28307.271
MinimumVisualStudioVersion = 10.0.40219.1
Project("{8BC9CEB8-8B4A-11D0-8D11-00A0C91BC942}") = "Tests", "Tests\Tests.vcxproj", "{8027F7D5-AB0F-463A-9F06-4ADBE1D6BCE9}"
EndProject
Project("{2150E333-8FDC-42A3-9474-1A3956D46DE8}") = "Applications", "Applications", "{BDB5A188-71EC-4654-9768-877D2A81963A}"
EndProject
Project("{2150E333-8FDC-42A3-9474-1A3956D46DE8}") = "UnitTest", "UnitTest", "{58A9321D-461C-4C58-B58D-A6DE7BD11F3C}"
EndProject
Project("{2150E333-8FDC-42A3-9474-1A3956D46DE8}") = "Static Libraries", "Static Libraries", "{4A3872C7-B589-4F63-AD96-F69C31530A54}"
EndProject
Project("{888888A0-9F3D-457C-B088-3A5042F75D52}") = "EmuanderGUI", "GUI\EmuanderGUI\EmuanderGUI.pyproj", "{CA4706BF-5624-49EE-8B15-31B343B51D30}"
EndProject
Project("{8BC9CEB8-8B4A-11D0-8D11-00A0C91BC942}") = "Emuander Linux", "VS Projects\Emuander Linux\Emuander Linux.vcxproj", "{493E8ABA-699E-4D34-9EC6-CC0609D76890}"
EndProject
Project("{8BC9CEB8-8B4A-11D0-8D11-00A0C91BC942}") = "Emuander Windows", "VS Projects\Emuander Windows\Emuander Windows.vcxproj", "{2D613385-7B6B-4622-81BF-5FB53FCD40CC}"
	ProjectSection(ProjectDependencies) = postProject
		{9AAD26D6-C69F-4092-8838-1D8E57ABF106} = {9AAD26D6-C69F-4092-8838-1D8E57ABF106}
	EndProjectSection
EndProject
Project("{8BC9CEB8-8B4A-11D0-8D11-00A0C91BC942}") = "EmuanderCore Linux", "VS Projects\EmuanderCore Linux\EmuanderCore Linux.vcxproj", "{F81D16EA-1BF3-429F-944D-8EB1FD62E65D}"
EndProject
Project("{8BC9CEB8-8B4A-11D0-8D11-00A0C91BC942}") = "EmuanderCore Windows", "VS Projects\EmuanderCore Windows\EmuanderCore Windows.vcxproj", "{9AAD26D6-C69F-4092-8838-1D8E57ABF106}"
EndProject
Project("{2150E333-8FDC-42A3-9474-1A3956D46DE8}") = "Shared Libraries", "Shared Libraries", "{A749709F-C07A-46CA-ADF1-C5B8A24E57A8}"
EndProject
Global
	GlobalSection(SolutionConfigurationPlatforms) = preSolution
		Debug|Any CPU = Debug|Any CPU
		Debug|ARM = Debug|ARM
		Debug|ARM64 = Debug|ARM64
		Debug|x64 = Debug|x64
		Debug|x86 = Debug|x86
		Release|Any CPU = Release|Any CPU
		Release|ARM = Release|ARM
		Release|ARM64 = Release|ARM64
		Release|x64 = Release|x64
		Release|x86 = Release|x86
	EndGlobalSection
	GlobalSection(ProjectConfigurationPlatforms) = postSolution
		{8027F7D5-AB0F-463A-9F06-4ADBE1D6BCE9}.Debug|Any CPU.ActiveCfg = Debug|Win32
		{8027F7D5-AB0F-463A-9F06-4ADBE1D6BCE9}.Debug|ARM.ActiveCfg = Debug|Win32
		{8027F7D5-AB0F-463A-9F06-4ADBE1D6BCE9}.Debug|ARM64.ActiveCfg = Debug|Win32
		{8027F7D5-AB0F-463A-9F06-4ADBE1D6BCE9}.Debug|x64.ActiveCfg = Debug|x64
		{8027F7D5-AB0F-463A-9F06-4ADBE1D6BCE9}.Debug|x64.Build.0 = Debug|x64
		{8027F7D5-AB0F-463A-9F06-4ADBE1D6BCE9}.Debug|x86.ActiveCfg = Debug|Win32
		{8027F7D5-AB0F-463A-9F06-4ADBE1D6BCE9}.Debug|x86.Build.0 = Debug|Win32
		{8027F7D5-AB0F-463A-9F06-4ADBE1D6BCE9}.Release|Any CPU.ActiveCfg = Release|Win32
		{8027F7D5-AB0F-463A-9F06-4ADBE1D6BCE9}.Release|ARM.ActiveCfg = Release|Win32
		{8027F7D5-AB0F-463A-9F06-4ADBE1D6BCE9}.Release|ARM64.ActiveCfg = Release|Win32
		{8027F7D5-AB0F-463A-9F06-4ADBE1D6BCE9}.Release|x64.ActiveCfg = Release|x64
		{8027F7D5-AB0F-463A-9F06-4ADBE1D6BCE9}.Release|x64.Build.0 = Release|x64
		{8027F7D5-AB0F-463A-9F06-4ADBE1D6BCE9}.Release|x86.ActiveCfg = Release|Win32
		{8027F7D5-AB0F-463A-9F06-4ADBE1D6BCE9}.Release|x86.Build.0 = Release|Win32
		{CA4706BF-5624-49EE-8B15-31B343B51D30}.Debug|Any CPU.ActiveCfg = Debug|Any CPU
		{CA4706BF-5624-49EE-8B15-31B343B51D30}.Debug|ARM.ActiveCfg = Debug|Any CPU
		{CA4706BF-5624-49EE-8B15-31B343B51D30}.Debug|ARM64.ActiveCfg = Debug|Any CPU
		{CA4706BF-5624-49EE-8B15-31B343B51D30}.Debug|x64.ActiveCfg = Debug|Any CPU
		{CA4706BF-5624-49EE-8B15-31B343B51D30}.Debug|x86.ActiveCfg = Debug|Any CPU
		{CA4706BF-5624-49EE-8B15-31B343B51D30}.Release|Any CPU.ActiveCfg = Release|Any CPU
		{CA4706BF-5624-49EE-8B15-31B343B51D30}.Release|ARM.ActiveCfg = Release|Any CPU
		{CA4706BF-5624-49EE-8B15-31B343B51D30}.Release|ARM64.ActiveCfg = Release|Any CPU
		{CA4706BF-5624-49EE-8B15-31B343B51D30}.Release|x64.ActiveCfg = Release|Any CPU
		{CA4706BF-5624-49EE-8B15-31B343B51D30}.Release|x86.ActiveCfg = Release|Any CPU
		{493E8ABA-699E-4D34-9EC6-CC0609D76890}.Debug|Any CPU.ActiveCfg = Debug|x86
		{493E8ABA-699E-4D34-9EC6-CC0609D76890}.Debug|ARM.ActiveCfg = Debug|ARM
		{493E8ABA-699E-4D34-9EC6-CC0609D76890}.Debug|ARM.Build.0 = Debug|ARM
		{493E8ABA-699E-4D34-9EC6-CC0609D76890}.Debug|ARM64.ActiveCfg = Debug|ARM64
		{493E8ABA-699E-4D34-9EC6-CC0609D76890}.Debug|ARM64.Build.0 = Debug|ARM64
		{493E8ABA-699E-4D34-9EC6-CC0609D76890}.Debug|x64.ActiveCfg = Debug|x64
		{493E8ABA-699E-4D34-9EC6-CC0609D76890}.Debug|x64.Build.0 = Debug|x64
		{493E8ABA-699E-4D34-9EC6-CC0609D76890}.Debug|x86.ActiveCfg = Debug|x86
		{493E8ABA-699E-4D34-9EC6-CC0609D76890}.Debug|x86.Build.0 = Debug|x86
		{493E8ABA-699E-4D34-9EC6-CC0609D76890}.Release|Any CPU.ActiveCfg = Release|x86
		{493E8ABA-699E-4D34-9EC6-CC0609D76890}.Release|ARM.ActiveCfg = Release|ARM
		{493E8ABA-699E-4D34-9EC6-CC0609D76890}.Release|ARM.Build.0 = Release|ARM
		{493E8ABA-699E-4D34-9EC6-CC0609D76890}.Release|ARM64.ActiveCfg = Release|ARM64
		{493E8ABA-699E-4D34-9EC6-CC0609D76890}.Release|ARM64.Build.0 = Release|ARM64
		{493E8ABA-699E-4D34-9EC6-CC0609D76890}.Release|x64.ActiveCfg = Release|x64
		{493E8ABA-699E-4D34-9EC6-CC0609D76890}.Release|x64.Build.0 = Release|x64
		{493E8ABA-699E-4D34-9EC6-CC0609D76890}.Release|x86.ActiveCfg = Release|x86
		{493E8ABA-699E-4D34-9EC6-CC0609D76890}.Release|x86.Build.0 = Release|x86
		{2D613385-7B6B-4622-81BF-5FB53FCD40CC}.Debug|Any CPU.ActiveCfg = Debug|Win32
		{2D613385-7B6B-4622-81BF-5FB53FCD40CC}.Debug|ARM.ActiveCfg = Debug|Win32
		{2D613385-7B6B-4622-81BF-5FB53FCD40CC}.Debug|ARM64.ActiveCfg = Debug|Win32
		{2D613385-7B6B-4622-81BF-5FB53FCD40CC}.Debug|x64.ActiveCfg = Debug|x64
		{2D613385-7B6B-4622-81BF-5FB53FCD40CC}.Debug|x64.Build.0 = Debug|x64
		{2D613385-7B6B-4622-81BF-5FB53FCD40CC}.Debug|x86.ActiveCfg = Debug|Win32
		{2D613385-7B6B-4622-81BF-5FB53FCD40CC}.Debug|x86.Build.0 = Debug|Win32
		{2D613385-7B6B-4622-81BF-5FB53FCD40CC}.Release|Any CPU.ActiveCfg = Release|Win32
		{2D613385-7B6B-4622-81BF-5FB53FCD40CC}.Release|ARM.ActiveCfg = Release|Win32
		{2D613385-7B6B-4622-81BF-5FB53FCD40CC}.Release|ARM64.ActiveCfg = Release|Win32
		{2D613385-7B6B-4622-81BF-5FB53FCD40CC}.Release|x64.ActiveCfg = Release|x64
		{2D613385-7B6B-4622-81BF-5FB53FCD40CC}.Release|x64.Build.0 = Release|x64
		{2D613385-7B6B-4622-81BF-5FB53FCD40CC}.Release|x86.ActiveCfg = Release|Win32
		{2D613385-7B6B-4622-81BF-5FB53FCD40CC}.Release|x86.Build.0 = Release|Win32
		{F81D16EA-1BF3-429F-944D-8EB1FD62E65D}.Debug|Any CPU.ActiveCfg = Debug|x86
		{F81D16EA-1BF3-429F-944D-8EB1FD62E65D}.Debug|ARM.ActiveCfg = Debug|ARM
		{F81D16EA-1BF3-429F-944D-8EB1FD62E65D}.Debug|ARM.Build.0 = Debug|ARM
		{F81D16EA-1BF3-429F-944D-8EB1FD62E65D}.Debug|ARM64.ActiveCfg = Debug|ARM64
		{F81D16EA-1BF3-429F-944D-8EB1FD62E65D}.Debug|ARM64.Build.0 = Debug|ARM64
		{F81D16EA-1BF3-429F-944D-8EB1FD62E65D}.Debug|x64.ActiveCfg = Debug|x64
		{F81D16EA-1BF3-429F-944D-8EB1FD62E65D}.Debug|x64.Build.0 = Debug|x64
		{F81D16EA-1BF3-429F-944D-8EB1FD62E65D}.Debug|x86.ActiveCfg = Debug|x86
		{F81D16EA-1BF3-429F-944D-8EB1FD62E65D}.Debug|x86.Build.0 = Debug|x86
		{F81D16EA-1BF3-429F-944D-8EB1FD62E65D}.Release|Any CPU.ActiveCfg = Release|x86
		{F81D16EA-1BF3-429F-944D-8EB1FD62E65D}.Release|ARM.ActiveCfg = Release|ARM
		{F81D16EA-1BF3-429F-944D-8EB1FD62E65D}.Release|ARM.Build.0 = Release|ARM
		{F81D16EA-1BF3-429F-944D-8EB1FD62E65D}.Release|ARM64.ActiveCfg = Release|ARM64
		{F81D16EA-1BF3-429F-944D-8EB1FD62E65D}.Release|ARM64.Build.0 = Release|ARM64
		{F81D16EA-1BF3-429F-944D-8EB1FD62E65D}.Release|x64.ActiveCfg = Release|x64
		{F81D16EA-1BF3-429F-944D-8EB1FD62E65D}.Release|x64.Build.0 = Release|x64
		{F81D16EA-1BF3-429F-944D-8EB1FD62E65D}.Release|x86.ActiveCfg = Release|x86
		{F81D16EA-1BF3-429F-944D-8EB1FD62E65D}.Release|x86.Build.0 = Release|x86
		{9AAD26D6-C69F-4092-8838-1D8E57ABF106}.Debug|Any CPU.ActiveCfg = Debug|Win32
		{9AAD26D6-C69F-4092-8838-1D8E57ABF106}.Debug|ARM.ActiveCfg = Debug|Win32
		{9AAD26D6-C69F-4092-8838-1D8E57ABF106}.Debug|ARM64.ActiveCfg = Debug|Win32
		{9AAD26D6-C69F-4092-8838-1D8E57ABF106}.Debug|x64.ActiveCfg = Debug|x64
		{9AAD26D6-C69F-4092-8838-1D8E57ABF106}.Debug|x64.Build.0 = Debug|x64
		{9AAD26D6-C69F-4092-8838-1D8E57ABF106}.Debug|x86.ActiveCfg = Debug|Win32
		{9AAD26D6-C69F-4092-8838-1D8E57ABF106}.Debug|x86.Build.0 = Debug|Win32
		{9AAD26D6-C69F-4092-8838-1D8E57ABF106}.Release|Any CPU.ActiveCfg = Release|Win32
		{9AAD26D6-C69F-4092-8838-1D8E57ABF106}.Release|ARM.ActiveCfg = Release|Win32
		{9AAD26D6-C69F-4092-8838-1D8E57ABF106}.Release|ARM64.ActiveCfg = Release|Win32
		{9AAD26D6-C69F-4092-8838-1D8E57ABF106}.Release|x64.ActiveCfg = Release|x64
		{9AAD26D6-C69F-4092-8838-1D8E57ABF106}.Release|x64.Build.0 = Release|x64
		{9AAD26D6-C69F-4092-8838-1D8E57ABF106}.Release|x86.ActiveCfg = Release|Win32
		{9AAD26D6-C69F-4092-8838-1D8E57ABF106}.Release|x86.Build.0 = Release|Win32
	EndGlobalSection
	GlobalSection(SolutionProperties) = preSolution
		HideSolutionNode = FALSE
	EndGlobalSection
	GlobalSection(NestedProjects) = preSolution
		{8027F7D5-AB0F-463A-9F06-4ADBE1D6BCE9} = {58A9321D-461C-4C58-B58D-A6DE7BD11F3C}
		{CA4706BF-5624-49EE-8B15-31B343B51D30} = {BDB5A188-71EC-4654-9768-877D2A81963A}
		{493E8ABA-699E-4D34-9EC6-CC0609D76890} = {BDB5A188-71EC-4654-9768-877D2A81963A}
		{2D613385-7B6B-4622-81BF-5FB53FCD40CC} = {A749709F-C07A-46CA-ADF1-C5B8A24E57A8}
		{F81D16EA-1BF3-429F-944D-8EB1FD62E65D} = {4A3872C7-B589-4F63-AD96-F69C31530A54}
		{9AAD26D6-C69F-4092-8838-1D8E57ABF106} = {4A3872C7-B589-4F63-AD96-F69C31530A54}
	EndGlobalSection
	GlobalSection(ExtensibilityGlobals) = postSolution
		SolutionGuid = {20380407-F6B7-4FFD-B1BA-4CADBE7EB7E4}
	EndGlobalSection
EndGlobal
